// !$*UTF8*$!
{
	archiveVersion = 1;
	classes = {
	};
	objectVersion = 48;
	objects = {

/* Begin PBXBuildFile section */
<<<<<<< HEAD
		817B1EE72107498E00042778 /* PhotoListTableViewCell.swift in Sources */ = {isa = PBXBuildFile; fileRef = 817B1EE62107498E00042778 /* PhotoListTableViewCell.swift */; };
		817B1EEB21076EE600042778 /* JSONParser.swift in Sources */ = {isa = PBXBuildFile; fileRef = 817B1EEA21076EE600042778 /* JSONParser.swift */; };
		818D5E75210725F100198A75 /* AppDelegate.swift in Sources */ = {isa = PBXBuildFile; fileRef = 818D5E74210725F100198A75 /* AppDelegate.swift */; };
		818D5E7A210725F100198A75 /* Main.storyboard in Resources */ = {isa = PBXBuildFile; fileRef = 818D5E78210725F100198A75 /* Main.storyboard */; };
		818D5E7C210725F100198A75 /* Assets.xcassets in Resources */ = {isa = PBXBuildFile; fileRef = 818D5E7B210725F100198A75 /* Assets.xcassets */; };
		818D5E7F210725F100198A75 /* LaunchScreen.storyboard in Resources */ = {isa = PBXBuildFile; fileRef = 818D5E7D210725F100198A75 /* LaunchScreen.storyboard */; };
		818D5E872107260A00198A75 /* Photo.swift in Sources */ = {isa = PBXBuildFile; fileRef = 818D5E862107260A00198A75 /* Photo.swift */; };
		8198B8732109F6D4003C2476 /* ImageViewController.swift in Sources */ = {isa = PBXBuildFile; fileRef = 8198B8722109F6D4003C2476 /* ImageViewController.swift */; };
		8199B9CF2109B8B700353430 /* PhotoListViewModel.swift in Sources */ = {isa = PBXBuildFile; fileRef = 8199B9CE2109B8B700353430 /* PhotoListViewModel.swift */; };
		81CCD9DF21072A120073F007 /* content.json in Resources */ = {isa = PBXBuildFile; fileRef = 81CCD9DE21072A120073F007 /* content.json */; };
		81CCD9E321072B000073F007 /* PhotoListViewController.swift in Sources */ = {isa = PBXBuildFile; fileRef = 81CCD9E221072B000073F007 /* PhotoListViewController.swift */; };
		81E62FC1210B4697001A7775 /* ImagesManager.swift in Sources */ = {isa = PBXBuildFile; fileRef = 81E62FC0210B4697001A7775 /* ImagesManager.swift */; };
/* End PBXBuildFile section */

/* Begin PBXFileReference section */
		817B1EE62107498E00042778 /* PhotoListTableViewCell.swift */ = {isa = PBXFileReference; lastKnownFileType = sourcecode.swift; path = PhotoListTableViewCell.swift; sourceTree = "<group>"; };
		817B1EEA21076EE600042778 /* JSONParser.swift */ = {isa = PBXFileReference; lastKnownFileType = sourcecode.swift; path = JSONParser.swift; sourceTree = "<group>"; };
		818D5E71210725F100198A75 /* ListPhotoGallery.app */ = {isa = PBXFileReference; explicitFileType = wrapper.application; includeInIndex = 0; path = ListPhotoGallery.app; sourceTree = BUILT_PRODUCTS_DIR; };
		818D5E74210725F100198A75 /* AppDelegate.swift */ = {isa = PBXFileReference; lastKnownFileType = sourcecode.swift; path = AppDelegate.swift; sourceTree = "<group>"; };
=======
		818D5E75210725F100198A75 /* AppDelegate.swift in Sources */ = {isa = PBXBuildFile; fileRef = 818D5E74210725F100198A75 /* AppDelegate.swift */; };
		818D5E77210725F100198A75 /* ViewController.swift in Sources */ = {isa = PBXBuildFile; fileRef = 818D5E76210725F100198A75 /* ViewController.swift */; };
		818D5E7A210725F100198A75 /* Main.storyboard in Resources */ = {isa = PBXBuildFile; fileRef = 818D5E78210725F100198A75 /* Main.storyboard */; };
		818D5E7C210725F100198A75 /* Assets.xcassets in Resources */ = {isa = PBXBuildFile; fileRef = 818D5E7B210725F100198A75 /* Assets.xcassets */; };
		818D5E7F210725F100198A75 /* LaunchScreen.storyboard in Resources */ = {isa = PBXBuildFile; fileRef = 818D5E7D210725F100198A75 /* LaunchScreen.storyboard */; };
/* End PBXBuildFile section */

/* Begin PBXFileReference section */
		818D5E71210725F100198A75 /* ListPhotoGallery.app */ = {isa = PBXFileReference; explicitFileType = wrapper.application; includeInIndex = 0; path = ListPhotoGallery.app; sourceTree = BUILT_PRODUCTS_DIR; };
		818D5E74210725F100198A75 /* AppDelegate.swift */ = {isa = PBXFileReference; lastKnownFileType = sourcecode.swift; path = AppDelegate.swift; sourceTree = "<group>"; };
		818D5E76210725F100198A75 /* ViewController.swift */ = {isa = PBXFileReference; lastKnownFileType = sourcecode.swift; path = ViewController.swift; sourceTree = "<group>"; };
>>>>>>> 334300dad8a1597db4ff4e940e61fce22891c1ed
		818D5E79210725F100198A75 /* Base */ = {isa = PBXFileReference; lastKnownFileType = file.storyboard; name = Base; path = Base.lproj/Main.storyboard; sourceTree = "<group>"; };
		818D5E7B210725F100198A75 /* Assets.xcassets */ = {isa = PBXFileReference; lastKnownFileType = folder.assetcatalog; path = Assets.xcassets; sourceTree = "<group>"; };
		818D5E7E210725F100198A75 /* Base */ = {isa = PBXFileReference; lastKnownFileType = file.storyboard; name = Base; path = Base.lproj/LaunchScreen.storyboard; sourceTree = "<group>"; };
		818D5E80210725F100198A75 /* Info.plist */ = {isa = PBXFileReference; lastKnownFileType = text.plist.xml; path = Info.plist; sourceTree = "<group>"; };
<<<<<<< HEAD
		818D5E862107260A00198A75 /* Photo.swift */ = {isa = PBXFileReference; lastKnownFileType = sourcecode.swift; path = Photo.swift; sourceTree = "<group>"; };
		8198B8722109F6D4003C2476 /* ImageViewController.swift */ = {isa = PBXFileReference; lastKnownFileType = sourcecode.swift; path = ImageViewController.swift; sourceTree = "<group>"; };
		8199B9CE2109B8B700353430 /* PhotoListViewModel.swift */ = {isa = PBXFileReference; lastKnownFileType = sourcecode.swift; path = PhotoListViewModel.swift; sourceTree = "<group>"; };
		81CCD9DE21072A120073F007 /* content.json */ = {isa = PBXFileReference; fileEncoding = 4; lastKnownFileType = text.json; path = content.json; sourceTree = "<group>"; };
		81CCD9E221072B000073F007 /* PhotoListViewController.swift */ = {isa = PBXFileReference; lastKnownFileType = sourcecode.swift; name = PhotoListViewController.swift; path = ../PhotoListViewController.swift; sourceTree = "<group>"; };
		81E62FC0210B4697001A7775 /* ImagesManager.swift */ = {isa = PBXFileReference; lastKnownFileType = sourcecode.swift; path = ImagesManager.swift; sourceTree = "<group>"; };
=======
>>>>>>> 334300dad8a1597db4ff4e940e61fce22891c1ed
/* End PBXFileReference section */

/* Begin PBXFrameworksBuildPhase section */
		818D5E6E210725F100198A75 /* Frameworks */ = {
			isa = PBXFrameworksBuildPhase;
			buildActionMask = 2147483647;
			files = (
			);
			runOnlyForDeploymentPostprocessing = 0;
		};
/* End PBXFrameworksBuildPhase section */

/* Begin PBXGroup section */
		818D5E68210725F100198A75 = {
			isa = PBXGroup;
			children = (
				818D5E73210725F100198A75 /* ListPhotoGallery */,
				818D5E72210725F100198A75 /* Products */,
			);
			sourceTree = "<group>";
		};
		818D5E72210725F100198A75 /* Products */ = {
			isa = PBXGroup;
			children = (
				818D5E71210725F100198A75 /* ListPhotoGallery.app */,
			);
			name = Products;
			sourceTree = "<group>";
		};
		818D5E73210725F100198A75 /* ListPhotoGallery */ = {
			isa = PBXGroup;
			children = (
				818D5E74210725F100198A75 /* AppDelegate.swift */,
<<<<<<< HEAD
				818D5E862107260A00198A75 /* Photo.swift */,
				817B1EEA21076EE600042778 /* JSONParser.swift */,
				81CCD9E221072B000073F007 /* PhotoListViewController.swift */,
				817B1EE62107498E00042778 /* PhotoListTableViewCell.swift */,
				8199B9CE2109B8B700353430 /* PhotoListViewModel.swift */,
				8198B8722109F6D4003C2476 /* ImageViewController.swift */,
				81E62FC0210B4697001A7775 /* ImagesManager.swift */,
				818D5E78210725F100198A75 /* Main.storyboard */,
				818D5E7D210725F100198A75 /* LaunchScreen.storyboard */,
				81CCD9DE21072A120073F007 /* content.json */,
				818D5E7B210725F100198A75 /* Assets.xcassets */,
=======
				818D5E76210725F100198A75 /* ViewController.swift */,
				818D5E78210725F100198A75 /* Main.storyboard */,
				818D5E7B210725F100198A75 /* Assets.xcassets */,
				818D5E7D210725F100198A75 /* LaunchScreen.storyboard */,
>>>>>>> 334300dad8a1597db4ff4e940e61fce22891c1ed
				818D5E80210725F100198A75 /* Info.plist */,
			);
			path = ListPhotoGallery;
			sourceTree = "<group>";
		};
/* End PBXGroup section */

/* Begin PBXNativeTarget section */
		818D5E70210725F100198A75 /* ListPhotoGallery */ = {
			isa = PBXNativeTarget;
			buildConfigurationList = 818D5E83210725F100198A75 /* Build configuration list for PBXNativeTarget "ListPhotoGallery" */;
			buildPhases = (
				818D5E6D210725F100198A75 /* Sources */,
				818D5E6E210725F100198A75 /* Frameworks */,
				818D5E6F210725F100198A75 /* Resources */,
			);
			buildRules = (
			);
			dependencies = (
			);
			name = ListPhotoGallery;
			productName = ListPhotoGallery;
			productReference = 818D5E71210725F100198A75 /* ListPhotoGallery.app */;
			productType = "com.apple.product-type.application";
		};
/* End PBXNativeTarget section */

/* Begin PBXProject section */
		818D5E69210725F100198A75 /* Project object */ = {
			isa = PBXProject;
			attributes = {
				LastSwiftUpdateCheck = 0920;
				LastUpgradeCheck = 0920;
				ORGANIZATIONNAME = "Ionut Baciu";
				TargetAttributes = {
					818D5E70210725F100198A75 = {
						CreatedOnToolsVersion = 9.2;
						ProvisioningStyle = Automatic;
					};
				};
			};
			buildConfigurationList = 818D5E6C210725F100198A75 /* Build configuration list for PBXProject "ListPhotoGallery" */;
			compatibilityVersion = "Xcode 8.0";
			developmentRegion = en;
			hasScannedForEncodings = 0;
			knownRegions = (
				en,
				Base,
			);
			mainGroup = 818D5E68210725F100198A75;
			productRefGroup = 818D5E72210725F100198A75 /* Products */;
			projectDirPath = "";
			projectRoot = "";
			targets = (
				818D5E70210725F100198A75 /* ListPhotoGallery */,
			);
		};
/* End PBXProject section */

/* Begin PBXResourcesBuildPhase section */
		818D5E6F210725F100198A75 /* Resources */ = {
			isa = PBXResourcesBuildPhase;
			buildActionMask = 2147483647;
			files = (
				818D5E7F210725F100198A75 /* LaunchScreen.storyboard in Resources */,
				818D5E7C210725F100198A75 /* Assets.xcassets in Resources */,
				818D5E7A210725F100198A75 /* Main.storyboard in Resources */,
<<<<<<< HEAD
				81CCD9DF21072A120073F007 /* content.json in Resources */,
=======
>>>>>>> 334300dad8a1597db4ff4e940e61fce22891c1ed
			);
			runOnlyForDeploymentPostprocessing = 0;
		};
/* End PBXResourcesBuildPhase section */

/* Begin PBXSourcesBuildPhase section */
		818D5E6D210725F100198A75 /* Sources */ = {
			isa = PBXSourcesBuildPhase;
			buildActionMask = 2147483647;
			files = (
<<<<<<< HEAD
				817B1EE72107498E00042778 /* PhotoListTableViewCell.swift in Sources */,
				817B1EEB21076EE600042778 /* JSONParser.swift in Sources */,
				818D5E872107260A00198A75 /* Photo.swift in Sources */,
				8198B8732109F6D4003C2476 /* ImageViewController.swift in Sources */,
				81CCD9E321072B000073F007 /* PhotoListViewController.swift in Sources */,
				818D5E75210725F100198A75 /* AppDelegate.swift in Sources */,
				8199B9CF2109B8B700353430 /* PhotoListViewModel.swift in Sources */,
				81E62FC1210B4697001A7775 /* ImagesManager.swift in Sources */,
=======
				818D5E77210725F100198A75 /* ViewController.swift in Sources */,
				818D5E75210725F100198A75 /* AppDelegate.swift in Sources */,
>>>>>>> 334300dad8a1597db4ff4e940e61fce22891c1ed
			);
			runOnlyForDeploymentPostprocessing = 0;
		};
/* End PBXSourcesBuildPhase section */

/* Begin PBXVariantGroup section */
		818D5E78210725F100198A75 /* Main.storyboard */ = {
			isa = PBXVariantGroup;
			children = (
				818D5E79210725F100198A75 /* Base */,
			);
			name = Main.storyboard;
			sourceTree = "<group>";
		};
		818D5E7D210725F100198A75 /* LaunchScreen.storyboard */ = {
			isa = PBXVariantGroup;
			children = (
				818D5E7E210725F100198A75 /* Base */,
			);
			name = LaunchScreen.storyboard;
			sourceTree = "<group>";
		};
/* End PBXVariantGroup section */

/* Begin XCBuildConfiguration section */
		818D5E81210725F100198A75 /* Debug */ = {
			isa = XCBuildConfiguration;
			buildSettings = {
				ALWAYS_SEARCH_USER_PATHS = NO;
				CLANG_ANALYZER_NONNULL = YES;
				CLANG_ANALYZER_NUMBER_OBJECT_CONVERSION = YES_AGGRESSIVE;
				CLANG_CXX_LANGUAGE_STANDARD = "gnu++14";
				CLANG_CXX_LIBRARY = "libc++";
				CLANG_ENABLE_MODULES = YES;
				CLANG_ENABLE_OBJC_ARC = YES;
				CLANG_WARN_BLOCK_CAPTURE_AUTORELEASING = YES;
				CLANG_WARN_BOOL_CONVERSION = YES;
				CLANG_WARN_COMMA = YES;
				CLANG_WARN_CONSTANT_CONVERSION = YES;
				CLANG_WARN_DIRECT_OBJC_ISA_USAGE = YES_ERROR;
				CLANG_WARN_DOCUMENTATION_COMMENTS = YES;
				CLANG_WARN_EMPTY_BODY = YES;
				CLANG_WARN_ENUM_CONVERSION = YES;
				CLANG_WARN_INFINITE_RECURSION = YES;
				CLANG_WARN_INT_CONVERSION = YES;
				CLANG_WARN_NON_LITERAL_NULL_CONVERSION = YES;
				CLANG_WARN_OBJC_LITERAL_CONVERSION = YES;
				CLANG_WARN_OBJC_ROOT_CLASS = YES_ERROR;
				CLANG_WARN_RANGE_LOOP_ANALYSIS = YES;
				CLANG_WARN_STRICT_PROTOTYPES = YES;
				CLANG_WARN_SUSPICIOUS_MOVE = YES;
				CLANG_WARN_UNGUARDED_AVAILABILITY = YES_AGGRESSIVE;
				CLANG_WARN_UNREACHABLE_CODE = YES;
				CLANG_WARN__DUPLICATE_METHOD_MATCH = YES;
				CODE_SIGN_IDENTITY = "iPhone Developer";
				COPY_PHASE_STRIP = NO;
				DEBUG_INFORMATION_FORMAT = dwarf;
				ENABLE_STRICT_OBJC_MSGSEND = YES;
				ENABLE_TESTABILITY = YES;
				GCC_C_LANGUAGE_STANDARD = gnu11;
				GCC_DYNAMIC_NO_PIC = NO;
				GCC_NO_COMMON_BLOCKS = YES;
				GCC_OPTIMIZATION_LEVEL = 0;
				GCC_PREPROCESSOR_DEFINITIONS = (
					"DEBUG=1",
					"$(inherited)",
				);
				GCC_WARN_64_TO_32_BIT_CONVERSION = YES;
				GCC_WARN_ABOUT_RETURN_TYPE = YES_ERROR;
				GCC_WARN_UNDECLARED_SELECTOR = YES;
				GCC_WARN_UNINITIALIZED_AUTOS = YES_AGGRESSIVE;
				GCC_WARN_UNUSED_FUNCTION = YES;
				GCC_WARN_UNUSED_VARIABLE = YES;
				IPHONEOS_DEPLOYMENT_TARGET = 11.2;
				MTL_ENABLE_DEBUG_INFO = YES;
				ONLY_ACTIVE_ARCH = YES;
				SDKROOT = iphoneos;
				SWIFT_ACTIVE_COMPILATION_CONDITIONS = DEBUG;
				SWIFT_OPTIMIZATION_LEVEL = "-Onone";
			};
			name = Debug;
		};
		818D5E82210725F100198A75 /* Release */ = {
			isa = XCBuildConfiguration;
			buildSettings = {
				ALWAYS_SEARCH_USER_PATHS = NO;
				CLANG_ANALYZER_NONNULL = YES;
				CLANG_ANALYZER_NUMBER_OBJECT_CONVERSION = YES_AGGRESSIVE;
				CLANG_CXX_LANGUAGE_STANDARD = "gnu++14";
				CLANG_CXX_LIBRARY = "libc++";
				CLANG_ENABLE_MODULES = YES;
				CLANG_ENABLE_OBJC_ARC = YES;
				CLANG_WARN_BLOCK_CAPTURE_AUTORELEASING = YES;
				CLANG_WARN_BOOL_CONVERSION = YES;
				CLANG_WARN_COMMA = YES;
				CLANG_WARN_CONSTANT_CONVERSION = YES;
				CLANG_WARN_DIRECT_OBJC_ISA_USAGE = YES_ERROR;
				CLANG_WARN_DOCUMENTATION_COMMENTS = YES;
				CLANG_WARN_EMPTY_BODY = YES;
				CLANG_WARN_ENUM_CONVERSION = YES;
				CLANG_WARN_INFINITE_RECURSION = YES;
				CLANG_WARN_INT_CONVERSION = YES;
				CLANG_WARN_NON_LITERAL_NULL_CONVERSION = YES;
				CLANG_WARN_OBJC_LITERAL_CONVERSION = YES;
				CLANG_WARN_OBJC_ROOT_CLASS = YES_ERROR;
				CLANG_WARN_RANGE_LOOP_ANALYSIS = YES;
				CLANG_WARN_STRICT_PROTOTYPES = YES;
				CLANG_WARN_SUSPICIOUS_MOVE = YES;
				CLANG_WARN_UNGUARDED_AVAILABILITY = YES_AGGRESSIVE;
				CLANG_WARN_UNREACHABLE_CODE = YES;
				CLANG_WARN__DUPLICATE_METHOD_MATCH = YES;
				CODE_SIGN_IDENTITY = "iPhone Developer";
				COPY_PHASE_STRIP = NO;
				DEBUG_INFORMATION_FORMAT = "dwarf-with-dsym";
				ENABLE_NS_ASSERTIONS = NO;
				ENABLE_STRICT_OBJC_MSGSEND = YES;
				GCC_C_LANGUAGE_STANDARD = gnu11;
				GCC_NO_COMMON_BLOCKS = YES;
				GCC_WARN_64_TO_32_BIT_CONVERSION = YES;
				GCC_WARN_ABOUT_RETURN_TYPE = YES_ERROR;
				GCC_WARN_UNDECLARED_SELECTOR = YES;
				GCC_WARN_UNINITIALIZED_AUTOS = YES_AGGRESSIVE;
				GCC_WARN_UNUSED_FUNCTION = YES;
				GCC_WARN_UNUSED_VARIABLE = YES;
				IPHONEOS_DEPLOYMENT_TARGET = 11.2;
				MTL_ENABLE_DEBUG_INFO = NO;
				SDKROOT = iphoneos;
				SWIFT_OPTIMIZATION_LEVEL = "-Owholemodule";
				VALIDATE_PRODUCT = YES;
			};
			name = Release;
		};
		818D5E84210725F100198A75 /* Debug */ = {
			isa = XCBuildConfiguration;
			buildSettings = {
				ASSETCATALOG_COMPILER_APPICON_NAME = AppIcon;
				CODE_SIGN_STYLE = Automatic;
				INFOPLIST_FILE = ListPhotoGallery/Info.plist;
				LD_RUNPATH_SEARCH_PATHS = "$(inherited) @executable_path/Frameworks";
				PRODUCT_BUNDLE_IDENTIFIER = com.example.ListPhotoGallery;
				PRODUCT_NAME = "$(TARGET_NAME)";
				SWIFT_VERSION = 4.0;
				TARGETED_DEVICE_FAMILY = "1,2";
			};
			name = Debug;
		};
		818D5E85210725F100198A75 /* Release */ = {
			isa = XCBuildConfiguration;
			buildSettings = {
				ASSETCATALOG_COMPILER_APPICON_NAME = AppIcon;
				CODE_SIGN_STYLE = Automatic;
				INFOPLIST_FILE = ListPhotoGallery/Info.plist;
				LD_RUNPATH_SEARCH_PATHS = "$(inherited) @executable_path/Frameworks";
				PRODUCT_BUNDLE_IDENTIFIER = com.example.ListPhotoGallery;
				PRODUCT_NAME = "$(TARGET_NAME)";
				SWIFT_VERSION = 4.0;
				TARGETED_DEVICE_FAMILY = "1,2";
			};
			name = Release;
		};
/* End XCBuildConfiguration section */

/* Begin XCConfigurationList section */
		818D5E6C210725F100198A75 /* Build configuration list for PBXProject "ListPhotoGallery" */ = {
			isa = XCConfigurationList;
			buildConfigurations = (
				818D5E81210725F100198A75 /* Debug */,
				818D5E82210725F100198A75 /* Release */,
			);
			defaultConfigurationIsVisible = 0;
			defaultConfigurationName = Release;
		};
		818D5E83210725F100198A75 /* Build configuration list for PBXNativeTarget "ListPhotoGallery" */ = {
			isa = XCConfigurationList;
			buildConfigurations = (
				818D5E84210725F100198A75 /* Debug */,
				818D5E85210725F100198A75 /* Release */,
			);
			defaultConfigurationIsVisible = 0;
			defaultConfigurationName = Release;
		};
/* End XCConfigurationList section */
	};
	rootObject = 818D5E69210725F100198A75 /* Project object */;
}
